
Microsoft Visual Studio Solution File, Format Version 12.00
# Visual Studio 14
VisualStudioVersion = 14.0.25420.1
MinimumVisualStudioVersion = 10.0.40219.1
Project("{D954291E-2A0B-460D-934E-DC6B0785DB48}") = "TGIMBA_Windows.Shared", "TGIMBA_Windows.Shared\TGIMBA_Windows.Shared.shproj", "{A330FA60-96A3-4B8C-BB17-CD1D5FDA15D6}"
EndProject
Project("{262852C6-CD72-467D-83FE-5EEB1973A190}") = "TGIMBA_Windows_10.Windows", "TGIMBA_Windows_10.Windows\TGIMBA_Windows_10.Windows.jsproj", "{76D6ACD3-7292-4619-BAB4-738D70C46989}"
EndProject
Global
	GlobalSection(SharedMSBuildProjectFiles) = preSolution
		TGIMBA_Windows.Shared\TGIMBA_Windows.Shared.projitems*{76d6acd3-7292-4619-bab4-738d70c46989}*SharedItemsImports = 5
		TGIMBA_Windows.Shared\TGIMBA_Windows.Shared.projitems*{a330fa60-96a3-4b8c-bb17-cd1d5fda15d6}*SharedItemsImports = 13
	EndGlobalSection
	GlobalSection(SolutionConfigurationPlatforms) = preSolution
		Debug|Any CPU = Debug|Any CPU
		Debug|ARM = Debug|ARM
		Debug|x64 = Debug|x64
		Debug|x86 = Debug|x86
		Release|Any CPU = Release|Any CPU
		Release|ARM = Release|ARM
		Release|x64 = Release|x64
		Release|x86 = Release|x86
	EndGlobalSection
	GlobalSection(ProjectConfigurationPlatforms) = postSolution
		{76D6ACD3-7292-4619-BAB4-738D70C46989}.Debug|Any CPU.ActiveCfg = Debug|Any CPU
		{76D6ACD3-7292-4619-BAB4-738D70C46989}.Debug|Any CPU.Build.0 = Debug|Any CPU
		{76D6ACD3-7292-4619-BAB4-738D70C46989}.Debug|Any CPU.Deploy.0 = Debug|Any CPU
		{76D6ACD3-7292-4619-BAB4-738D70C46989}.Debug|ARM.ActiveCfg = Debug|ARM
		{76D6ACD3-7292-4619-BAB4-738D70C46989}.Debug|ARM.Build.0 = Debug|ARM
		{76D6ACD3-7292-4619-BAB4-738D70C46989}.Debug|ARM.Deploy.0 = Debug|ARM
		{76D6ACD3-7292-4619-BAB4-738D70C46989}.Debug|x64.ActiveCfg = Debug|x64
		{76D6ACD3-7292-4619-BAB4-738D70C46989}.Debug|x64.Build.0 = Debug|x64
		{76D6ACD3-7292-4619-BAB4-738D70C46989}.Debug|x64.Deploy.0 = Debug|x64
		{76D6ACD3-7292-4619-BAB4-738D70C46989}.Debug|x86.ActiveCfg = Debug|x86
		{76D6ACD3-7292-4619-BAB4-738D70C46989}.Debug|x86.Build.0 = Debug|x86
		{76D6ACD3-7292-4619-BAB4-738D70C46989}.Debug|x86.Deploy.0 = Debug|x86
		{76D6ACD3-7292-4619-BAB4-738D70C46989}.Release|Any CPU.ActiveCfg = Release|Any CPU
		{76D6ACD3-7292-4619-BAB4-738D70C46989}.Release|Any CPU.Build.0 = Release|Any CPU
		{76D6ACD3-7292-4619-BAB4-738D70C46989}.Release|Any CPU.Deploy.0 = Release|Any CPU
		{76D6ACD3-7292-4619-BAB4-738D70C46989}.Release|ARM.ActiveCfg = Release|ARM
		{76D6ACD3-7292-4619-BAB4-738D70C46989}.Release|ARM.Build.0 = Release|ARM
		{76D6ACD3-7292-4619-BAB4-738D70C46989}.Release|ARM.Deploy.0 = Release|ARM
		{76D6ACD3-7292-4619-BAB4-738D70C46989}.Release|x64.ActiveCfg = Release|x64
		{76D6ACD3-7292-4619-BAB4-738D70C46989}.Release|x64.Build.0 = Release|x64
		{76D6ACD3-7292-4619-BAB4-738D70C46989}.Release|x64.Deploy.0 = Release|x64
		{76D6ACD3-7292-4619-BAB4-738D70C46989}.Release|x86.ActiveCfg = Release|x86
		{76D6ACD3-7292-4619-BAB4-738D70C46989}.Release|x86.Build.0 = Release|x86
		{76D6ACD3-7292-4619-BAB4-738D70C46989}.Release|x86.Deploy.0 = Release|x86
	EndGlobalSection
	GlobalSection(SolutionProperties) = preSolution
		HideSolutionNode = FALSE
	EndGlobalSection
EndGlobal
